{
  "requires": true,
  "lockfileVersion": 1,
  "dependencies": {
    "draft-js-export-html": {
      "version": "1.4.1",
      "resolved": "https://registry.npmjs.org/draft-js-export-html/-/draft-js-export-html-1.4.1.tgz",
      "integrity": "sha512-G4VGBSalPowktIE4wp3rFbhjs+Ln9IZ2FhXeHjsZDSw0a2+h+BjKu5Enq+mcsyVb51RW740GBK8Xbf7Iic51tw==",
      "requires": {
        "draft-js-utils": "^1.4.0"
      }
    },
    "draft-js-utils": {
      "version": "1.4.0",
      "resolved": "https://registry.npmjs.org/draft-js-utils/-/draft-js-utils-1.4.0.tgz",
      "integrity": "sha512-8s9FFuKC+lOWGwJ0b3om2PF+uXrqQPaEQlPJI7UxdzxTYGMeKouMPA9+YlPn52zcAVElIZtd2tXj6eQmvlKelw=="
    }
  }
}
